// !$*UTF8*$!
{
	archiveVersion = 1;
	classes = {
	};
	objectVersion = 46;
	objects = {

/* Begin PBXBuildFile section */
		F10C60391E0ED293006517B9 /* GameKit.framework in Frameworks */ = {isa = PBXBuildFile; fileRef = F10C60381E0ED293006517B9 /* GameKit.framework */; };
		F11032C61DFDE66800597BF6 /* AppDelegate.swift in Sources */ = {isa = PBXBuildFile; fileRef = F11032C51DFDE66800597BF6 /* AppDelegate.swift */; };
		F11032C81DFDE66800597BF6 /* GameScene.sks in Resources */ = {isa = PBXBuildFile; fileRef = F11032C71DFDE66800597BF6 /* GameScene.sks */; };
		F11032CA1DFDE66800597BF6 /* Actions.sks in Resources */ = {isa = PBXBuildFile; fileRef = F11032C91DFDE66800597BF6 /* Actions.sks */; };
		F11032CC1DFDE66800597BF6 /* GameScene.swift in Sources */ = {isa = PBXBuildFile; fileRef = F11032CB1DFDE66800597BF6 /* GameScene.swift */; };
		F11032CE1DFDE66800597BF6 /* GameViewController.swift in Sources */ = {isa = PBXBuildFile; fileRef = F11032CD1DFDE66800597BF6 /* GameViewController.swift */; };
		F11032D11DFDE66800597BF6 /* Main.storyboard in Resources */ = {isa = PBXBuildFile; fileRef = F11032CF1DFDE66800597BF6 /* Main.storyboard */; };
		F11032D31DFDE66800597BF6 /* Assets.xcassets in Resources */ = {isa = PBXBuildFile; fileRef = F11032D21DFDE66800597BF6 /* Assets.xcassets */; };
		F11032D61DFDE66800597BF6 /* LaunchScreen.storyboard in Resources */ = {isa = PBXBuildFile; fileRef = F11032D41DFDE66800597BF6 /* LaunchScreen.storyboard */; };
		F11032E11DFDE66900597BF6 /* SpacecraftTests.swift in Sources */ = {isa = PBXBuildFile; fileRef = F11032E01DFDE66900597BF6 /* SpacecraftTests.swift */; };
		F11032EC1DFDE66900597BF6 /* SpacecraftUITests.swift in Sources */ = {isa = PBXBuildFile; fileRef = F11032EB1DFDE66900597BF6 /* SpacecraftUITests.swift */; };
		F11032FA1DFDE6F800597BF6 /* GameOverScene.swift in Sources */ = {isa = PBXBuildFile; fileRef = F11032F91DFDE6F800597BF6 /* GameOverScene.swift */; };
		F11CAF551E168CB900962CD2 /* SettingsViewController.swift in Sources */ = {isa = PBXBuildFile; fileRef = F11CAF541E168CB900962CD2 /* SettingsViewController.swift */; };
		F140FC171E0614FE0065C432 /* Spacecraft.mp3 in Resources */ = {isa = PBXBuildFile; fileRef = F140FC161E0614FE0065C432 /* Spacecraft.mp3 */; };
		F140FC211E06501E0065C432 /* Shot.mp3 in Resources */ = {isa = PBXBuildFile; fileRef = F140FC201E06501E0065C432 /* Shot.mp3 */; };
		F1423F3E1E00581F00E46831 /* AboutViewController.swift in Sources */ = {isa = PBXBuildFile; fileRef = F1423F3D1E00581F00E46831 /* AboutViewController.swift */; };
		F18750F01E02BE5F00192536 /* FirstViewController.swift in Sources */ = {isa = PBXBuildFile; fileRef = F18750EF1E02BE5F00192536 /* FirstViewController.swift */; };
/* End PBXBuildFile section */

/* Begin PBXContainerItemProxy section */
		F11032DD1DFDE66900597BF6 /* PBXContainerItemProxy */ = {
			isa = PBXContainerItemProxy;
			containerPortal = F11032BA1DFDE66800597BF6 /* Project object */;
			proxyType = 1;
			remoteGlobalIDString = F11032C11DFDE66800597BF6;
			remoteInfo = Spacecraft;
		};
		F11032E81DFDE66900597BF6 /* PBXContainerItemProxy */ = {
			isa = PBXContainerItemProxy;
			containerPortal = F11032BA1DFDE66800597BF6 /* Project object */;
			proxyType = 1;
			remoteGlobalIDString = F11032C11DFDE66800597BF6;
			remoteInfo = Spacecraft;
		};
/* End PBXContainerItemProxy section */

/* Begin PBXFileReference section */
		F10C60381E0ED293006517B9 /* GameKit.framework */ = {isa = PBXFileReference; lastKnownFileType = wrapper.framework; name = GameKit.framework; path = System/Library/Frameworks/GameKit.framework; sourceTree = SDKROOT; };
		F11032C21DFDE66800597BF6 /* Spacecraft.app */ = {isa = PBXFileReference; explicitFileType = wrapper.application; includeInIndex = 0; path = Spacecraft.app; sourceTree = BUILT_PRODUCTS_DIR; };
		F11032C51DFDE66800597BF6 /* AppDelegate.swift */ = {isa = PBXFileReference; lastKnownFileType = sourcecode.swift; path = AppDelegate.swift; sourceTree = "<group>"; };
		F11032C71DFDE66800597BF6 /* GameScene.sks */ = {isa = PBXFileReference; lastKnownFileType = file.sks; path = GameScene.sks; sourceTree = "<group>"; };
		F11032C91DFDE66800597BF6 /* Actions.sks */ = {isa = PBXFileReference; lastKnownFileType = file.sks; path = Actions.sks; sourceTree = "<group>"; };
		F11032CB1DFDE66800597BF6 /* GameScene.swift */ = {isa = PBXFileReference; lastKnownFileType = sourcecode.swift; path = GameScene.swift; sourceTree = "<group>"; };
		F11032CD1DFDE66800597BF6 /* GameViewController.swift */ = {isa = PBXFileReference; lastKnownFileType = sourcecode.swift; path = GameViewController.swift; sourceTree = "<group>"; };
		F11032D01DFDE66800597BF6 /* Base */ = {isa = PBXFileReference; lastKnownFileType = file.storyboard; name = Base; path = Base.lproj/Main.storyboard; sourceTree = "<group>"; };
		F11032D21DFDE66800597BF6 /* Assets.xcassets */ = {isa = PBXFileReference; lastKnownFileType = folder.assetcatalog; path = Assets.xcassets; sourceTree = "<group>"; };
		F11032D51DFDE66800597BF6 /* Base */ = {isa = PBXFileReference; lastKnownFileType = file.storyboard; name = Base; path = Base.lproj/LaunchScreen.storyboard; sourceTree = "<group>"; };
		F11032DC1DFDE66900597BF6 /* SpacecraftTests.xctest */ = {isa = PBXFileReference; explicitFileType = wrapper.cfbundle; includeInIndex = 0; path = SpacecraftTests.xctest; sourceTree = BUILT_PRODUCTS_DIR; };
		F11032E01DFDE66900597BF6 /* SpacecraftTests.swift */ = {isa = PBXFileReference; lastKnownFileType = sourcecode.swift; path = SpacecraftTests.swift; sourceTree = "<group>"; };
		F11032E21DFDE66900597BF6 /* Info.plist */ = {isa = PBXFileReference; lastKnownFileType = text.plist.xml; path = Info.plist; sourceTree = "<group>"; };
		F11032E71DFDE66900597BF6 /* SpacecraftUITests.xctest */ = {isa = PBXFileReference; explicitFileType = wrapper.cfbundle; includeInIndex = 0; path = SpacecraftUITests.xctest; sourceTree = BUILT_PRODUCTS_DIR; };
		F11032EB1DFDE66900597BF6 /* SpacecraftUITests.swift */ = {isa = PBXFileReference; lastKnownFileType = sourcecode.swift; path = SpacecraftUITests.swift; sourceTree = "<group>"; };
		F11032ED1DFDE66900597BF6 /* Info.plist */ = {isa = PBXFileReference; lastKnownFileType = text.plist.xml; path = Info.plist; sourceTree = "<group>"; };
		F11032F91DFDE6F800597BF6 /* GameOverScene.swift */ = {isa = PBXFileReference; fileEncoding = 4; lastKnownFileType = sourcecode.swift; path = GameOverScene.swift; sourceTree = "<group>"; };
		F11CAF541E168CB900962CD2 /* SettingsViewController.swift */ = {isa = PBXFileReference; fileEncoding = 4; lastKnownFileType = sourcecode.swift; path = SettingsViewController.swift; sourceTree = "<group>"; };
		F140FC161E0614FE0065C432 /* Spacecraft.mp3 */ = {isa = PBXFileReference; lastKnownFileType = audio.mp3; path = Spacecraft.mp3; sourceTree = "<group>"; };
		F140FC201E06501E0065C432 /* Shot.mp3 */ = {isa = PBXFileReference; lastKnownFileType = audio.mp3; path = Shot.mp3; sourceTree = "<group>"; };
		F1423F3D1E00581F00E46831 /* AboutViewController.swift */ = {isa = PBXFileReference; fileEncoding = 4; lastKnownFileType = sourcecode.swift; path = AboutViewController.swift; sourceTree = "<group>"; };
		F18750EF1E02BE5F00192536 /* FirstViewController.swift */ = {isa = PBXFileReference; fileEncoding = 4; lastKnownFileType = sourcecode.swift; path = FirstViewController.swift; sourceTree = "<group>"; };
		F1E0D2001E04491900D56D1A /* Info.plist */ = {isa = PBXFileReference; fileEncoding = 4; lastKnownFileType = text.plist.xml; path = Info.plist; sourceTree = "<group>"; };
		F1E0D2061E044DA400D56D1A /* en */ = {isa = PBXFileReference; lastKnownFileType = text.plist.strings; name = en; path = en.lproj/Main.strings; sourceTree = "<group>"; };
		F1F458041E24656600AAEF49 /* pt-BR */ = {isa = PBXFileReference; lastKnownFileType = file.storyboard; name = "pt-BR"; path = "pt-BR.lproj/Main.storyboard"; sourceTree = "<group>"; };
/* End PBXFileReference section */

/* Begin PBXFrameworksBuildPhase section */
		F11032BF1DFDE66800597BF6 /* Frameworks */ = {
			isa = PBXFrameworksBuildPhase;
			buildActionMask = 2147483647;
			files = (
				F10C60391E0ED293006517B9 /* GameKit.framework in Frameworks */,
			);
			runOnlyForDeploymentPostprocessing = 0;
		};
		F11032D91DFDE66900597BF6 /* Frameworks */ = {
			isa = PBXFrameworksBuildPhase;
			buildActionMask = 2147483647;
			files = (
			);
			runOnlyForDeploymentPostprocessing = 0;
		};
		F11032E41DFDE66900597BF6 /* Frameworks */ = {
			isa = PBXFrameworksBuildPhase;
			buildActionMask = 2147483647;
			files = (
			);
			runOnlyForDeploymentPostprocessing = 0;
		};
/* End PBXFrameworksBuildPhase section */

/* Begin PBXGroup section */
		F11032B91DFDE66800597BF6 = {
			isa = PBXGroup;
			children = (
				F11032C41DFDE66800597BF6 /* Spacecraft */,
				F11032DF1DFDE66900597BF6 /* SpacecraftTests */,
				F11032EA1DFDE66900597BF6 /* SpacecraftUITests */,
				F11032C31DFDE66800597BF6 /* Products */,
				F16BA0121DFF0105002C4571 /* Frameworks */,
			);
			sourceTree = "<group>";
		};
		F11032C31DFDE66800597BF6 /* Products */ = {
			isa = PBXGroup;
			children = (
				F11032C21DFDE66800597BF6 /* Spacecraft.app */,
				F11032DC1DFDE66900597BF6 /* SpacecraftTests.xctest */,
				F11032E71DFDE66900597BF6 /* SpacecraftUITests.xctest */,
			);
			name = Products;
			sourceTree = "<group>";
		};
		F11032C41DFDE66800597BF6 /* Spacecraft */ = {
			isa = PBXGroup;
			children = (
				F11032C91DFDE66800597BF6 /* Actions.sks */,
				F11032C71DFDE66800597BF6 /* GameScene.sks */,
				F11032C51DFDE66800597BF6 /* AppDelegate.swift */,
				F1423F3D1E00581F00E46831 /* AboutViewController.swift */,
				F11032CD1DFDE66800597BF6 /* GameViewController.swift */,
				F18750EF1E02BE5F00192536 /* FirstViewController.swift */,
				F11032CB1DFDE66800597BF6 /* GameScene.swift */,
				F11032F91DFDE6F800597BF6 /* GameOverScene.swift */,
				F11CAF541E168CB900962CD2 /* SettingsViewController.swift */,
				F140FC161E0614FE0065C432 /* Spacecraft.mp3 */,
				F140FC201E06501E0065C432 /* Shot.mp3 */,
				F11032CF1DFDE66800597BF6 /* Main.storyboard */,
				F11032D41DFDE66800597BF6 /* LaunchScreen.storyboard */,
				F1E0D2001E04491900D56D1A /* Info.plist */,
				F11032D21DFDE66800597BF6 /* Assets.xcassets */,
			);
			path = Spacecraft;
			sourceTree = "<group>";
		};
		F11032DF1DFDE66900597BF6 /* SpacecraftTests */ = {
			isa = PBXGroup;
			children = (
				F11032E01DFDE66900597BF6 /* SpacecraftTests.swift */,
				F11032E21DFDE66900597BF6 /* Info.plist */,
			);
			path = SpacecraftTests;
			sourceTree = "<group>";
		};
		F11032EA1DFDE66900597BF6 /* SpacecraftUITests */ = {
			isa = PBXGroup;
			children = (
				F11032EB1DFDE66900597BF6 /* SpacecraftUITests.swift */,
				F11032ED1DFDE66900597BF6 /* Info.plist */,
			);
			path = SpacecraftUITests;
			sourceTree = "<group>";
		};
		F16BA0121DFF0105002C4571 /* Frameworks */ = {
			isa = PBXGroup;
			children = (
				F10C60381E0ED293006517B9 /* GameKit.framework */,
			);
			name = Frameworks;
			sourceTree = "<group>";
		};
/* End PBXGroup section */

/* Begin PBXNativeTarget section */
		F11032C11DFDE66800597BF6 /* Spacecraft */ = {
			isa = PBXNativeTarget;
			buildConfigurationList = F11032F01DFDE66900597BF6 /* Build configuration list for PBXNativeTarget "Spacecraft" */;
			buildPhases = (
				F11032BE1DFDE66800597BF6 /* Sources */,
				F11032BF1DFDE66800597BF6 /* Frameworks */,
				F11032C01DFDE66800597BF6 /* Resources */,
			);
			buildRules = (
			);
			dependencies = (
			);
			name = Spacecraft;
			productName = Spacecraft;
			productReference = F11032C21DFDE66800597BF6 /* Spacecraft.app */;
			productType = "com.apple.product-type.application";
		};
		F11032DB1DFDE66900597BF6 /* SpacecraftTests */ = {
			isa = PBXNativeTarget;
			buildConfigurationList = F11032F31DFDE66900597BF6 /* Build configuration list for PBXNativeTarget "SpacecraftTests" */;
			buildPhases = (
				F11032D81DFDE66900597BF6 /* Sources */,
				F11032D91DFDE66900597BF6 /* Frameworks */,
				F11032DA1DFDE66900597BF6 /* Resources */,
			);
			buildRules = (
			);
			dependencies = (
				F11032DE1DFDE66900597BF6 /* PBXTargetDependency */,
			);
			name = SpacecraftTests;
			productName = SpacecraftTests;
			productReference = F11032DC1DFDE66900597BF6 /* SpacecraftTests.xctest */;
			productType = "com.apple.product-type.bundle.unit-test";
		};
		F11032E61DFDE66900597BF6 /* SpacecraftUITests */ = {
			isa = PBXNativeTarget;
			buildConfigurationList = F11032F61DFDE66900597BF6 /* Build configuration list for PBXNativeTarget "SpacecraftUITests" */;
			buildPhases = (
				F11032E31DFDE66900597BF6 /* Sources */,
				F11032E41DFDE66900597BF6 /* Frameworks */,
				F11032E51DFDE66900597BF6 /* Resources */,
			);
			buildRules = (
			);
			dependencies = (
				F11032E91DFDE66900597BF6 /* PBXTargetDependency */,
			);
			name = SpacecraftUITests;
			productName = SpacecraftUITests;
			productReference = F11032E71DFDE66900597BF6 /* SpacecraftUITests.xctest */;
			productType = "com.apple.product-type.bundle.ui-testing";
		};
/* End PBXNativeTarget section */

/* Begin PBXProject section */
		F11032BA1DFDE66800597BF6 /* Project object */ = {
			isa = PBXProject;
			attributes = {
				LastSwiftUpdateCheck = 0800;
				LastUpgradeCheck = 0810;
				ORGANIZATIONNAME = "Cassio Diego";
				TargetAttributes = {
					F11032C11DFDE66800597BF6 = {
						CreatedOnToolsVersion = 8.0;
						ProvisioningStyle = Automatic;
						SystemCapabilities = {
							com.apple.GameCenter = {
								enabled = 0;
							};
						};
					};
					F11032DB1DFDE66900597BF6 = {
						CreatedOnToolsVersion = 8.0;
						ProvisioningStyle = Manual;
						TestTargetID = F11032C11DFDE66800597BF6;
					};
					F11032E61DFDE66900597BF6 = {
						CreatedOnToolsVersion = 8.0;
						ProvisioningStyle = Manual;
						TestTargetID = F11032C11DFDE66800597BF6;
					};
				};
			};
			buildConfigurationList = F11032BD1DFDE66800597BF6 /* Build configuration list for PBXProject "Spacecraft" */;
			compatibilityVersion = "Xcode 3.2";
			developmentRegion = English;
			hasScannedForEncodings = 0;
			knownRegions = (
				en,
				Base,
				"pt-BR",
			);
			mainGroup = F11032B91DFDE66800597BF6;
			productRefGroup = F11032C31DFDE66800597BF6 /* Products */;
			projectDirPath = "";
			projectRoot = "";
			targets = (
				F11032C11DFDE66800597BF6 /* Spacecraft */,
				F11032DB1DFDE66900597BF6 /* SpacecraftTests */,
				F11032E61DFDE66900597BF6 /* SpacecraftUITests */,
			);
		};
/* End PBXProject section */

/* Begin PBXResourcesBuildPhase section */
		F11032C01DFDE66800597BF6 /* Resources */ = {
			isa = PBXResourcesBuildPhase;
			buildActionMask = 2147483647;
			files = (
				F11032D11DFDE66800597BF6 /* Main.storyboard in Resources */,
				F140FC171E0614FE0065C432 /* Spacecraft.mp3 in Resources */,
				F140FC211E06501E0065C432 /* Shot.mp3 in Resources */,
				F11032C81DFDE66800597BF6 /* GameScene.sks in Resources */,
				F11032D31DFDE66800597BF6 /* Assets.xcassets in Resources */,
				F11032D61DFDE66800597BF6 /* LaunchScreen.storyboard in Resources */,
				F11032CA1DFDE66800597BF6 /* Actions.sks in Resources */,
			);
			runOnlyForDeploymentPostprocessing = 0;
		};
		F11032DA1DFDE66900597BF6 /* Resources */ = {
			isa = PBXResourcesBuildPhase;
			buildActionMask = 2147483647;
			files = (
			);
			runOnlyForDeploymentPostprocessing = 0;
		};
		F11032E51DFDE66900597BF6 /* Resources */ = {
			isa = PBXResourcesBuildPhase;
			buildActionMask = 2147483647;
			files = (
			);
			runOnlyForDeploymentPostprocessing = 0;
		};
/* End PBXResourcesBuildPhase section */

/* Begin PBXSourcesBuildPhase section */
		F11032BE1DFDE66800597BF6 /* Sources */ = {
			isa = PBXSourcesBuildPhase;
			buildActionMask = 2147483647;
			files = (
				F1423F3E1E00581F00E46831 /* AboutViewController.swift in Sources */,
				F11032CC1DFDE66800597BF6 /* GameScene.swift in Sources */,
				F11CAF551E168CB900962CD2 /* SettingsViewController.swift in Sources */,
				F11032CE1DFDE66800597BF6 /* GameViewController.swift in Sources */,
				F18750F01E02BE5F00192536 /* FirstViewController.swift in Sources */,
				F11032FA1DFDE6F800597BF6 /* GameOverScene.swift in Sources */,
				F11032C61DFDE66800597BF6 /* AppDelegate.swift in Sources */,
			);
			runOnlyForDeploymentPostprocessing = 0;
		};
		F11032D81DFDE66900597BF6 /* Sources */ = {
			isa = PBXSourcesBuildPhase;
			buildActionMask = 2147483647;
			files = (
				F11032E11DFDE66900597BF6 /* SpacecraftTests.swift in Sources */,
			);
			runOnlyForDeploymentPostprocessing = 0;
		};
		F11032E31DFDE66900597BF6 /* Sources */ = {
			isa = PBXSourcesBuildPhase;
			buildActionMask = 2147483647;
			files = (
				F11032EC1DFDE66900597BF6 /* SpacecraftUITests.swift in Sources */,
			);
			runOnlyForDeploymentPostprocessing = 0;
		};
/* End PBXSourcesBuildPhase section */

/* Begin PBXTargetDependency section */
		F11032DE1DFDE66900597BF6 /* PBXTargetDependency */ = {
			isa = PBXTargetDependency;
			target = F11032C11DFDE66800597BF6 /* Spacecraft */;
			targetProxy = F11032DD1DFDE66900597BF6 /* PBXContainerItemProxy */;
		};
		F11032E91DFDE66900597BF6 /* PBXTargetDependency */ = {
			isa = PBXTargetDependency;
			target = F11032C11DFDE66800597BF6 /* Spacecraft */;
			targetProxy = F11032E81DFDE66900597BF6 /* PBXContainerItemProxy */;
		};
/* End PBXTargetDependency section */

/* Begin PBXVariantGroup section */
		F11032CF1DFDE66800597BF6 /* Main.storyboard */ = {
			isa = PBXVariantGroup;
			children = (
				F11032D01DFDE66800597BF6 /* Base */,
				F1E0D2061E044DA400D56D1A /* en */,
				F1F458041E24656600AAEF49 /* pt-BR */,
			);
			name = Main.storyboard;
			sourceTree = "<group>";
		};
		F11032D41DFDE66800597BF6 /* LaunchScreen.storyboard */ = {
			isa = PBXVariantGroup;
			children = (
				F11032D51DFDE66800597BF6 /* Base */,
			);
			name = LaunchScreen.storyboard;
			sourceTree = "<group>";
		};
/* End PBXVariantGroup section */

/* Begin XCBuildConfiguration section */
		F11032EE1DFDE66900597BF6 /* Debug */ = {
			isa = XCBuildConfiguration;
			buildSettings = {
				ALWAYS_SEARCH_USER_PATHS = NO;
				CLANG_ANALYZER_LOCALIZABILITY_NONLOCALIZED = YES;
				CLANG_ANALYZER_NONNULL = YES;
				CLANG_CXX_LANGUAGE_STANDARD = "gnu++0x";
				CLANG_CXX_LIBRARY = "libc++";
				CLANG_ENABLE_MODULES = YES;
				CLANG_ENABLE_OBJC_ARC = YES;
				CLANG_WARN_BOOL_CONVERSION = YES;
				CLANG_WARN_CONSTANT_CONVERSION = YES;
				CLANG_WARN_DIRECT_OBJC_ISA_USAGE = YES_ERROR;
				CLANG_WARN_DOCUMENTATION_COMMENTS = YES;
				CLANG_WARN_EMPTY_BODY = YES;
				CLANG_WARN_ENUM_CONVERSION = YES;
				CLANG_WARN_INFINITE_RECURSION = YES;
				CLANG_WARN_INT_CONVERSION = YES;
				CLANG_WARN_OBJC_ROOT_CLASS = YES_ERROR;
				CLANG_WARN_SUSPICIOUS_MOVE = YES;
				CLANG_WARN_SUSPICIOUS_MOVES = YES;
				CLANG_WARN_UNREACHABLE_CODE = YES;
				CLANG_WARN__DUPLICATE_METHOD_MATCH = YES;
				CODE_SIGN_IDENTITY = "iPhone Distribution: Cassio Campos (RPLZ7M7P8X)";
				"CODE_SIGN_IDENTITY[sdk=iphoneos*]" = "iPhone Distribution";
				COPY_PHASE_STRIP = NO;
				DEBUG_INFORMATION_FORMAT = dwarf;
				DEVELOPMENT_TEAM = RPLZ7M7P8X;
				ENABLE_STRICT_OBJC_MSGSEND = YES;
				ENABLE_TESTABILITY = YES;
				GCC_C_LANGUAGE_STANDARD = gnu99;
				GCC_DYNAMIC_NO_PIC = NO;
				GCC_NO_COMMON_BLOCKS = YES;
				GCC_OPTIMIZATION_LEVEL = 0;
				GCC_PREPROCESSOR_DEFINITIONS = (
					"DEBUG=1",
					"$(inherited)",
				);
				GCC_WARN_64_TO_32_BIT_CONVERSION = YES;
				GCC_WARN_ABOUT_RETURN_TYPE = YES_ERROR;
				GCC_WARN_UNDECLARED_SELECTOR = YES;
				GCC_WARN_UNINITIALIZED_AUTOS = YES_AGGRESSIVE;
				GCC_WARN_UNUSED_FUNCTION = YES;
				GCC_WARN_UNUSED_VARIABLE = YES;
				IPHONEOS_DEPLOYMENT_TARGET = 10.0;
				MTL_ENABLE_DEBUG_INFO = YES;
				ONLY_ACTIVE_ARCH = YES;
				SDKROOT = iphoneos;
				SWIFT_ACTIVE_COMPILATION_CONDITIONS = DEBUG;
				SWIFT_OPTIMIZATION_LEVEL = "-Onone";
			};
			name = Debug;
		};
		F11032EF1DFDE66900597BF6 /* Release */ = {
			isa = XCBuildConfiguration;
			buildSettings = {
				ALWAYS_SEARCH_USER_PATHS = NO;
				CLANG_ANALYZER_LOCALIZABILITY_NONLOCALIZED = YES;
				CLANG_ANALYZER_NONNULL = YES;
				CLANG_CXX_LANGUAGE_STANDARD = "gnu++0x";
				CLANG_CXX_LIBRARY = "libc++";
				CLANG_ENABLE_MODULES = YES;
				CLANG_ENABLE_OBJC_ARC = YES;
				CLANG_WARN_BOOL_CONVERSION = YES;
				CLANG_WARN_CONSTANT_CONVERSION = YES;
				CLANG_WARN_DIRECT_OBJC_ISA_USAGE = YES_ERROR;
				CLANG_WARN_DOCUMENTATION_COMMENTS = YES;
				CLANG_WARN_EMPTY_BODY = YES;
				CLANG_WARN_ENUM_CONVERSION = YES;
				CLANG_WARN_INFINITE_RECURSION = YES;
				CLANG_WARN_INT_CONVERSION = YES;
				CLANG_WARN_OBJC_ROOT_CLASS = YES_ERROR;
				CLANG_WARN_SUSPICIOUS_MOVE = YES;
				CLANG_WARN_SUSPICIOUS_MOVES = YES;
				CLANG_WARN_UNREACHABLE_CODE = YES;
				CLANG_WARN__DUPLICATE_METHOD_MATCH = YES;
				CODE_SIGN_IDENTITY = "iPhone Distribution: Cassio Campos (RPLZ7M7P8X)";
				"CODE_SIGN_IDENTITY[sdk=iphoneos*]" = "iPhone Distribution";
				COPY_PHASE_STRIP = NO;
				DEBUG_INFORMATION_FORMAT = "dwarf-with-dsym";
				DEVELOPMENT_TEAM = RPLZ7M7P8X;
				ENABLE_NS_ASSERTIONS = NO;
				ENABLE_STRICT_OBJC_MSGSEND = YES;
				GCC_C_LANGUAGE_STANDARD = gnu99;
				GCC_NO_COMMON_BLOCKS = YES;
				GCC_WARN_64_TO_32_BIT_CONVERSION = YES;
				GCC_WARN_ABOUT_RETURN_TYPE = YES_ERROR;
				GCC_WARN_UNDECLARED_SELECTOR = YES;
				GCC_WARN_UNINITIALIZED_AUTOS = YES_AGGRESSIVE;
				GCC_WARN_UNUSED_FUNCTION = YES;
				GCC_WARN_UNUSED_VARIABLE = YES;
				IPHONEOS_DEPLOYMENT_TARGET = 10.0;
				MTL_ENABLE_DEBUG_INFO = NO;
				ONLY_ACTIVE_ARCH = YES;
				SDKROOT = iphoneos;
				SWIFT_OPTIMIZATION_LEVEL = "-Owholemodule";
				VALIDATE_PRODUCT = YES;
			};
			name = Release;
		};
		F11032F11DFDE66900597BF6 /* Debug */ = {
			isa = XCBuildConfiguration;
			buildSettings = {
				ASSETCATALOG_COMPILER_APPICON_NAME = AppIcon;
				CODE_SIGN_IDENTITY = "iPhone Distribution: Cassio Campos (RPLZ7M7P8X)";
				"CODE_SIGN_IDENTITY[sdk=iphoneos*]" = "iPhone Developer";
				DEVELOPMENT_TEAM = "";
				FRAMEWORK_SEARCH_PATHS = (
					"$(inherited)",
					"$(PROJECT_DIR)",
				);
				INFOPLIST_FILE = Spacecraft/Info.plist;
				IPHONEOS_DEPLOYMENT_TARGET = 9.0;
				LD_RUNPATH_SEARCH_PATHS = "$(inherited) @executable_path/Frameworks";
				PRODUCT_BUNDLE_IDENTIFIER = com.cassiodiego.Spacecraft;
				PRODUCT_NAME = "$(TARGET_NAME)";
				PROVISIONING_PROFILE = "";
				PROVISIONING_PROFILE_SPECIFIER = "";
				SWIFT_VERSION = 3.0;
				TARGETED_DEVICE_FAMILY = 1;
			};
			name = Debug;
		};
		F11032F21DFDE66900597BF6 /* Release */ = {
			isa = XCBuildConfiguration;
			buildSettings = {
				ASSETCATALOG_COMPILER_APPICON_NAME = AppIcon;
				CODE_SIGN_IDENTITY = "iPhone Distribution: Cassio Campos (RPLZ7M7P8X)";
				"CODE_SIGN_IDENTITY[sdk=iphoneos*]" = "iPhone Developer";
				DEVELOPMENT_TEAM = "";
				FRAMEWORK_SEARCH_PATHS = (
					"$(inherited)",
					"$(PROJECT_DIR)",
				);
				INFOPLIST_FILE = Spacecraft/Info.plist;
				IPHONEOS_DEPLOYMENT_TARGET = 9.0;
				LD_RUNPATH_SEARCH_PATHS = "$(inherited) @executable_path/Frameworks";
				PRODUCT_BUNDLE_IDENTIFIER = com.cassiodiego.Spacecraft;
				PRODUCT_NAME = "$(TARGET_NAME)";
				PROVISIONING_PROFILE = "";
				PROVISIONING_PROFILE_SPECIFIER = "";
				SWIFT_VERSION = 3.0;
				TARGETED_DEVICE_FAMILY = 1;
			};
			name = Release;
		};
		F11032F41DFDE66900597BF6 /* Debug */ = {
			isa = XCBuildConfiguration;
			buildSettings = {
				ALWAYS_EMBED_SWIFT_STANDARD_LIBRARIES = YES;
				BUNDLE_LOADER = "$(TEST_HOST)";
				DEVELOPMENT_TEAM = "";
				INFOPLIST_FILE = SpacecraftTests/Info.plist;
				LD_RUNPATH_SEARCH_PATHS = "$(inherited) @executable_path/Frameworks @loader_path/Frameworks";
				PRODUCT_BUNDLE_IDENTIFIER = com.cassiodiego.SpacecraftTests;
				PRODUCT_NAME = "$(TARGET_NAME)";
				SWIFT_VERSION = 3.0;
				TEST_HOST = "$(BUILT_PRODUCTS_DIR)/Spacecraft.app/Spacecraft";
			};
			name = Debug;
		};
		F11032F51DFDE66900597BF6 /* Release */ = {
			isa = XCBuildConfiguration;
			buildSettings = {
				ALWAYS_EMBED_SWIFT_STANDARD_LIBRARIES = YES;
				BUNDLE_LOADER = "$(TEST_HOST)";
				DEVELOPMENT_TEAM = "";
				INFOPLIST_FILE = SpacecraftTests/Info.plist;
				LD_RUNPATH_SEARCH_PATHS = "$(inherited) @executable_path/Frameworks @loader_path/Frameworks";
				PRODUCT_BUNDLE_IDENTIFIER = com.cassiodiego.SpacecraftTests;
				PRODUCT_NAME = "$(TARGET_NAME)";
				SWIFT_VERSION = 3.0;
				TEST_HOST = "$(BUILT_PRODUCTS_DIR)/Spacecraft.app/Spacecraft";
			};
			name = Release;
		};
		F11032F71DFDE66900597BF6 /* Debug */ = {
			isa = XCBuildConfiguration;
			buildSettings = {
				ALWAYS_EMBED_SWIFT_STANDARD_LIBRARIES = YES;
				DEVELOPMENT_TEAM = "";
				INFOPLIST_FILE = SpacecraftUITests/Info.plist;
				LD_RUNPATH_SEARCH_PATHS = "$(inherited) @executable_path/Frameworks @loader_path/Frameworks";
				PRODUCT_BUNDLE_IDENTIFIER = com.cassiodiego.SpacecraftUITests;
				PRODUCT_NAME = "$(TARGET_NAME)";
				SWIFT_VERSION = 3.0;
				TEST_TARGET_NAME = Spacecraft;
			};
			name = Debug;
		};
		F11032F81DFDE66900597BF6 /* Release */ = {
			isa = XCBuildConfiguration;
			buildSettings = {
				ALWAYS_EMBED_SWIFT_STANDARD_LIBRARIES = YES;
				DEVELOPMENT_TEAM = "";
				INFOPLIST_FILE = SpacecraftUITests/Info.plist;
				LD_RUNPATH_SEARCH_PATHS = "$(inherited) @executable_path/Frameworks @loader_path/Frameworks";
				PRODUCT_BUNDLE_IDENTIFIER = com.cassiodiego.SpacecraftUITests;
				PRODUCT_NAME = "$(TARGET_NAME)";
				SWIFT_VERSION = 3.0;
				TEST_TARGET_NAME = Spacecraft;
			};
			name = Release;
		};
/* End XCBuildConfiguration section */

/* Begin XCConfigurationList section */
		F11032BD1DFDE66800597BF6 /* Build configuration list for PBXProject "Spacecraft" */ = {
			isa = XCConfigurationList;
			buildConfigurations = (
				F11032EE1DFDE66900597BF6 /* Debug */,
				F11032EF1DFDE66900597BF6 /* Release */,
			);
			defaultConfigurationIsVisible = 0;
			defaultConfigurationName = Release;
		};
		F11032F01DFDE66900597BF6 /* Build configuration list for PBXNativeTarget "Spacecraft" */ = {
			isa = XCConfigurationList;
			buildConfigurations = (
				F11032F11DFDE66900597BF6 /* Debug */,
				F11032F21DFDE66900597BF6 /* Release */,
			);
			defaultConfigurationIsVisible = 0;
			defaultConfigurationName = Release;
		};
		F11032F31DFDE66900597BF6 /* Build configuration list for PBXNativeTarget "SpacecraftTests" */ = {
			isa = XCConfigurationList;
			buildConfigurations = (
				F11032F41DFDE66900597BF6 /* Debug */,
				F11032F51DFDE66900597BF6 /* Release */,
			);
			defaultConfigurationIsVisible = 0;
			defaultConfigurationName = Release;
		};
		F11032F61DFDE66900597BF6 /* Build configuration list for PBXNativeTarget "SpacecraftUITests" */ = {
			isa = XCConfigurationList;
			buildConfigurations = (
				F11032F71DFDE66900597BF6 /* Debug */,
				F11032F81DFDE66900597BF6 /* Release */,
			);
			defaultConfigurationIsVisible = 0;
			defaultConfigurationName = Release;
		};
/* End XCConfigurationList section */
	};
	rootObject = F11032BA1DFDE66800597BF6 /* Project object */;
}
